<?xml version="1.0" encoding="utf-8"?>
<Project ToolsVersion="4.0" xmlns="http://schemas.microsoft.com/developer/msbuild/2003">
  <ItemGroup>
    <Filter Include="Scene">
      <UniqueIdentifier>{a1111111-1111-4111-8111-111111111111}</UniqueIdentifier>
    </Filter>
    <Filter Include="Player">
      <UniqueIdentifier>{a2222222-2222-4222-8222-222222222222}</UniqueIdentifier>
    </Filter>
    <Filter Include="Weapon">
      <UniqueIdentifier>{a3333333-3333-4333-8333-333333333333}</UniqueIdentifier>
    </Filter>
    <Filter Include="Item">
      <UniqueIdentifier>{a4444444-4444-4444-8444-444444444444}</UniqueIdentifier>
    </Filter>
    <Filter Include="Restriction">
      <UniqueIdentifier>{a5555555-5555-4555-8555-555555555555}</UniqueIdentifier>
    </Filter>
    <Filter Include="Gimmick">
      <UniqueIdentifier>{a6666666-6666-4666-8666-666666666666}</UniqueIdentifier>
    </Filter>
    <Filter Include="Stage">
      <UniqueIdentifier>{a7777777-7777-4777-8777-777777777777}</UniqueIdentifier>
    </Filter>
    <Filter Include="Manager">
      <UniqueIdentifier>{a8888888-8888-4888-8888-888888888888}</UniqueIdentifier>
    </Filter>
    <Filter Include="Config">
      <UniqueIdentifier>{a9999999-9999-4999-8999-999999999999}</UniqueIdentifier>
    </Filter>
  </ItemGroup>
  <ItemGroup>
    <ClCompile Include="main.cpp" />
    <ClCompile Include="Scene\SceneGame.cpp">
      <Filter>Scene</Filter>
    </ClCompile>
    <ClCompile Include="Scene\SceneMenu.cpp">
      <Filter>Scene</Filter>
    </ClCompile>
    <ClCompile Include="Scene\SceneSettings.cpp">
      <Filter>Scene</Filter>
    </ClCompile>
    <ClCompile Include="Scene\SceneTitle.cpp">
      <Filter>Scene</Filter>
    </ClCompile>
    <ClCompile Include="Scene\SceneTutorial.cpp">
      <Filter>Scene</Filter>
    </ClCompile>
    <ClCompile Include="Player\Player.cpp">
      <Filter>Player</Filter>
    </ClCompile>
    <ClCompile Include="Weapon\Weapon.cpp">
      <Filter>Weapon</Filter>
    </ClCompile>
    <ClCompile Include="Item\Item.cpp">
      <Filter>Item</Filter>
    </ClCompile>
    <ClCompile Include="Item\ItemBanana.cpp">
      <Filter>Item</Filter>
    </ClCompile>
    <ClCompile Include="Item\ItemHankachi.cpp">
      <Filter>Item</Filter>
    </ClCompile>
    <ClCompile Include="Item\ItemKinoko.cpp">
      <Filter>Item</Filter>
    </ClCompile>
    <ClCompile Include="Item\ItemManager.cpp">
      <Filter>Item</Filter>
    </ClCompile>
    <ClCompile Include="Item\ItemPotionBlue.cpp">
      <Filter>Item</Filter>
    </ClCompile>
    <ClCompile Include="Item\ItemPotionPurple.cpp">
      <Filter>Item</Filter>
    </ClCompile>
    <ClCompile Include="Item\ItemPotionRed.cpp">
      <Filter>Item</Filter>
    </ClCompile>
    <ClCompile Include="Item\ItemPotionYellow.cpp">
      <Filter>Item</Filter>
    </ClCompile>
    <ClCompile Include="Restriction\Restriction.cpp">
      <Filter>Restriction</Filter>
    </ClCompile>
    <ClCompile Include="Restriction\RestrictionManager.cpp">
      <Filter>Restriction</Filter>
    </ClCompile>
    <ClCompile Include="Gimmick\Meteor.cpp">
      <Filter>Gimmick</Filter>
    </ClCompile>
    <ClCompile Include="Gimmick\MeteorManager.cpp">
      <Filter>Gimmick</Filter>
    </ClCompile>
    <ClCompile Include="Gimmick\Orb.cpp">
      <Filter>Gimmick</Filter>
    </ClCompile>
    <ClCompile Include="Gimmick\OrbManager.cpp">
      <Filter>Gimmick</Filter>
    </ClCompile>
    <ClCompile Include="Stage\Stage.cpp">
      <Filter>Stage</Filter>
    </ClCompile>
    <ClCompile Include="Manager\AdManager.cpp">
      <Filter>Manager</Filter>
    </ClCompile>
    <ClCompile Include="Manager\ImageManager.cpp">
      <Filter>Manager</Filter>
    </ClCompile>
    <ClCompile Include="Manager\SoundManager.cpp">
      <Filter>Manager</Filter>
    </ClCompile>
  </ItemGroup>
  <ItemGroup>
    <ClInclude Include="Scene\BaseScene.h">
      <Filter>Scene</Filter>
    </ClInclude>
    <ClInclude Include="Scene\SceneID.h">
      <Filter>Scene</Filter>
    </ClInclude>
    <ClInclude Include="Scene\SceneGame.h">
      <Filter>Scene</Filter>
    </ClInclude>
    <ClInclude Include="Scene\SceneMenu.h">
      <Filter>Scene</Filter>
    </ClInclude>
    <ClInclude Include="Scene\SceneSettings.h">
      <Filter>Scene</Filter>
    </ClInclude>
    <ClInclude Include="Scene\SceneTitle.h">
      <Filter>Scene</Filter>
    </ClInclude>
    <ClInclude Include="Scene\SceneTutorial.h">
      <Filter>Scene</Filter>
    </ClInclude>
    <ClInclude Include="Player\Player.h">
      <Filter>Player</Filter>
    </ClInclude>
    <ClInclude Include="Weapon\Weapon.h">
      <Filter>Weapon</Filter>
    </ClInclude>
    <ClInclude Include="Weapon\WeaponConfig.h">
      <Filter>Weapon</Filter>
    </ClInclude>
    <ClInclude Include="Item\Item.h">
      <Filter>Item</Filter>
    </ClInclude>
    <ClInclude Include="Item\ItemBanana.h">
      <Filter>Item</Filter>
    </ClInclude>
    <ClInclude Include="Item\ItemHankachi.h">
      <Filter>Item</Filter>
    </ClInclude>
    <ClInclude Include="Item\ItemKinoko.h">
      <Filter>Item</Filter>
    </ClInclude>
    <ClInclude Include="Item\ItemManager.h">
      <Filter>Item</Filter>
    </ClInclude>
    <ClInclude Include="Item\ItemPotionBlue.h">
      <Filter>Item</Filter>
    </ClInclude>
    <ClInclude Include="Item\ItemPotionPurple.h">
      <Filter>Item</Filter>
    </ClInclude>
    <ClInclude Include="Item\ItemPotionRed.h">
      <Filter>Item</Filter>
    </ClInclude>
    <ClInclude Include="Item\ItemPotionYellow.h">
      <Filter>Item</Filter>
    </ClInclude>
    <ClInclude Include="Restriction\Restriction.h">
      <Filter>Restriction</Filter>
    </ClInclude>
    <ClInclude Include="Restriction\RestrictionConfig.h">
      <Filter>Restriction</Filter>
    </ClInclude>
    <ClInclude Include="Restriction\RestrictionManager.h">
      <Filter>Restriction</Filter>
    </ClInclude>
    <ClInclude Include="Gimmick\Meteor.h">
      <Filter>Gimmick</Filter>
    </ClInclude>
    <ClInclude Include="Gimmick\MeteorManager.h">
      <Filter>Gimmick</Filter>
    </ClInclude>
    <ClInclude Include="Gimmick\Orb.h">
      <Filter>Gimmick</Filter>
    </ClInclude>
    <ClInclude Include="Gimmick\OrbManager.h">
      <Filter>Gimmick</Filter>
    </ClInclude>
    <ClInclude Include="Stage\Stage.h">
      <Filter>Stage</Filter>
    </ClInclude>
    <ClInclude Include="Manager\AdManager.h">
      <Filter>Manager</Filter>
    </ClInclude>
    <ClInclude Include="Manager\ImageManager.h">
      <Filter>Manager</Filter>
    </ClInclude>
    <ClInclude Include="Manager\SoundManager.h">
      <Filter>Manager</Filter>
    </ClInclude>
    <ClInclude Include="Config\Config.h">
      <Filter>Config</Filter>
    </ClInclude>
    <ClInclude Include="Config\DebugConfig.h">
      <Filter>Config</Filter>
    </ClInclude>
    <ClInclude Include="Config\GameSettings.h">
      <Filter>Config</Filter>
    </ClInclude>
    <ClInclude Include="Config\UIConfig.h">
      <Filter>Config</Filter>
    </ClInclude>
  </ItemGroup>
</Project>
